<?xml version="1.0" encoding="utf-8"?>
<Project ToolsVersion="4.0" xmlns="http://schemas.microsoft.com/developer/msbuild/2003">
  <ItemGroup>
    <Filter Include="Header Files">
      <UniqueIdentifier>{f7dffd0b-e0d3-4147-81a5-561f64bb159d}</UniqueIdentifier>
      <Extensions>.h</Extensions>
    </Filter>
    <Filter Include="Source Files">
      <UniqueIdentifier>{e6ee78e9-42dd-497d-9b9c-b998b5657354}</UniqueIdentifier>
    </Filter>
  </ItemGroup>
  <ItemGroup>
    <ClInclude Include="Socket.h">
      <Filter>Header Files</Filter>
    </ClInclude>
    <ClInclude Include="public.h">
      <Filter>Header Files</Filter>
    </ClInclude>
    <ClInclude Include="CommonDefines.h">
      <Filter>Header Files</Filter>
    </ClInclude>
    <ClInclude Include="SocksMgr.h">
      <Filter>Header Files</Filter>
    </ClInclude>
    <ClInclude Include="SocksParser.h">
      <Filter>Header Files</Filter>
    </ClInclude>
    <ClInclude Include="Tunnel.h">
      <Filter>Header Files</Filter>
    </ClInclude>
    <ClInclude Include="ods.h">
      <Filter>Header Files</Filter>
    </ClInclude>
    <ClInclude Include="tstring.h">
      <Filter>Header Files</Filter>
    </ClInclude>
    <ClInclude Include="AutoCleanup.h">
      <Filter>Header Files</Filter>
    </ClInclude>
    <ClInclude Include="dns.h">
      <Filter>Header Files</Filter>
    </ClInclude>
    <ClInclude Include="resource.h">
      <Filter>Header Files</Filter>
    </ClInclude>
    <ClInclude Include="stdafx.h">
      <Filter>Header Files</Filter>
    </ClInclude>
  </ItemGroup>
  <ItemGroup>
    <ClCompile Include="xsocks.cpp">
      <Filter>Source Files</Filter>
    </ClCompile>
    <ClCompile Include="stdafx.cpp">
      <Filter>Source Files</Filter>
    </ClCompile>
    <ClCompile Include="dns.cpp">
      <Filter>Source Files</Filter>
    </ClCompile>
    <ClCompile Include="tstring.cpp">
      <Filter>Source Files</Filter>
    </ClCompile>
    <ClCompile Include="ods.cpp">
      <Filter>Source Files</Filter>
    </ClCompile>
    <ClCompile Include="Tunnel.cpp">
      <Filter>Source Files</Filter>
    </ClCompile>
    <ClCompile Include="SocksParser.cpp">
      <Filter>Source Files</Filter>
    </ClCompile>
    <ClCompile Include="SocksMgr.cpp">
      <Filter>Source Files</Filter>
    </ClCompile>
  </ItemGroup>
  <ItemGroup>
    <ResourceCompile Include="xsocks.rc" />
  </ItemGroup>
</Project>